
Microsoft Visual Studio Solution File, Format Version 12.00
Project("{FAE04EC0-301F-11D3-BF4B-00C04F79EFBC}") = "HelloWorld", "HelloWorld\HelloWorld.csproj", "{3D3B133A-4EAE-4BEC-BFEC-9D1F5817487F}"
EndProject
Project("{FAE04EC0-301F-11D3-BF4B-00C04F79EFBC}") = "HelloWorld2", "HelloWorld2\HelloWorld2.csproj", "{C2A0DFF6-457D-49AD-99B9-5AB1A9415D20}"
EndProject
Project("{FAE04EC0-301F-11D3-BF4B-00C04F79EFBC}") = "HelloWorld3", "HelloWorld3\HelloWorld3.csproj", "{583AD2AA-9FB9-4264-A336-7B3DA834F4C1}"
EndProject
Project("{FAE04EC0-301F-11D3-BF4B-00C04F79EFBC}") = "HelloWorld4", "HelloWorld4\HelloWorld4.csproj", "{B2E60648-8F54-4452-9B9E-36E123356EBD}"
EndProject
Project("{FAE04EC0-301F-11D3-BF4B-00C04F79EFBC}") = "HelloWorld5", "HelloWorld5\HelloWorld5.csproj", "{B2B9B2B1-B32A-4404-A50A-F10DD104A418}"
EndProject
Global
	GlobalSection(SolutionConfigurationPlatforms) = preSolution
		Debug|Any CPU = Debug|Any CPU
		Release|Any CPU = Release|Any CPU
	EndGlobalSection
	GlobalSection(ProjectConfigurationPlatforms) = postSolution
		{3D3B133A-4EAE-4BEC-BFEC-9D1F5817487F}.Debug|Any CPU.ActiveCfg = Debug|Any CPU
		{3D3B133A-4EAE-4BEC-BFEC-9D1F5817487F}.Debug|Any CPU.Build.0 = Debug|Any CPU
		{3D3B133A-4EAE-4BEC-BFEC-9D1F5817487F}.Release|Any CPU.ActiveCfg = Release|Any CPU
		{3D3B133A-4EAE-4BEC-BFEC-9D1F5817487F}.Release|Any CPU.Build.0 = Release|Any CPU
		{C2A0DFF6-457D-49AD-99B9-5AB1A9415D20}.Debug|Any CPU.ActiveCfg = Debug|Any CPU
		{C2A0DFF6-457D-49AD-99B9-5AB1A9415D20}.Debug|Any CPU.Build.0 = Debug|Any CPU
		{C2A0DFF6-457D-49AD-99B9-5AB1A9415D20}.Release|Any CPU.ActiveCfg = Release|Any CPU
		{C2A0DFF6-457D-49AD-99B9-5AB1A9415D20}.Release|Any CPU.Build.0 = Release|Any CPU
		{583AD2AA-9FB9-4264-A336-7B3DA834F4C1}.Debug|Any CPU.ActiveCfg = Debug|Any CPU
		{583AD2AA-9FB9-4264-A336-7B3DA834F4C1}.Debug|Any CPU.Build.0 = Debug|Any CPU
		{583AD2AA-9FB9-4264-A336-7B3DA834F4C1}.Release|Any CPU.ActiveCfg = Release|Any CPU
		{583AD2AA-9FB9-4264-A336-7B3DA834F4C1}.Release|Any CPU.Build.0 = Release|Any CPU
		{B2E60648-8F54-4452-9B9E-36E123356EBD}.Debug|Any CPU.ActiveCfg = Debug|Any CPU
		{B2E60648-8F54-4452-9B9E-36E123356EBD}.Debug|Any CPU.Build.0 = Debug|Any CPU
		{B2E60648-8F54-4452-9B9E-36E123356EBD}.Release|Any CPU.ActiveCfg = Release|Any CPU
		{B2E60648-8F54-4452-9B9E-36E123356EBD}.Release|Any CPU.Build.0 = Release|Any CPU
		{B2B9B2B1-B32A-4404-A50A-F10DD104A418}.Debug|Any CPU.ActiveCfg = Debug|Any CPU
		{B2B9B2B1-B32A-4404-A50A-F10DD104A418}.Debug|Any CPU.Build.0 = Debug|Any CPU
		{B2B9B2B1-B32A-4404-A50A-F10DD104A418}.Release|Any CPU.ActiveCfg = Release|Any CPU
		{B2B9B2B1-B32A-4404-A50A-F10DD104A418}.Release|Any CPU.Build.0 = Release|Any CPU
	EndGlobalSection
EndGlobal
